# This file is automatically @generated by Cargo.
# It is not intended for manual editing.
version = 3

[[package]]
name = "carburetor"
version = "0.1.0"
dependencies = [
 "rppal",
 "simple-signal",
 "sys-info",
]

[[package]]
name = "cc"
version = "1.0.79"
source = "registry+https://github.com/rust-lang/crates.io-index"
checksum = "50d30906286121d95be3d479533b458f87493b30a4b5f79a607db8f5d11aa91f"

[[package]]
name = "lazy_static"
version = "1.4.0"
source = "registry+https://github.com/rust-lang/crates.io-index"
checksum = "e2abad23fbc42b3700f2f279844dc832adb2b2eb069b2df918f455c4e18cc646"

[[package]]
name = "libc"
version = "0.2.139"
source = "registry+https://github.com/rust-lang/crates.io-index"
checksum = "201de327520df007757c1f0adce6e827fe8562fbc28bfd9c15571c66ca1f5f79"

[[package]]
name = "rppal"
version = "0.14.1"
source = "registry+https://github.com/rust-lang/crates.io-index"
checksum = "612e1a22e21f08a246657c6433fe52b773ae43d07c9ef88ccfc433cc8683caba"
dependencies = [
 "libc",
]

[[package]]
name = "simple-signal"
version = "1.1.1"
source = "registry+https://github.com/rust-lang/crates.io-index"
checksum = "53f7da44adcc42667d57483bd93f81295f27d66897804b757573b61b6f13288b"
dependencies = [
 "lazy_static",
 "libc",
]

[[package]]
name = "sys-info"
version = "0.9.1"
source = "registry+https://github.com/rust-lang/crates.io-index"
checksum = "0b3a0d0aba8bf96a0e1ddfdc352fc53b3df7f39318c71854910c3c4b024ae52c"
dependencies = [
 "cc",
 "libc",
]
