# THIS IS AN AUTOGENERATED FILE. DO NOT EDIT THIS FILE DIRECTLY.
# yarn lockfile v1


"@types/node@*", "@types/node@^18.15.3":
  version "18.15.3"
  resolved "https://registry.npmjs.org/@types/node/-/node-18.15.3.tgz"
  integrity sha512-p6ua9zBxz5otCmbpb5D3U4B5Nanw6Pk3PPyX05xnxbB/fRv71N7CPmORg7uAD5P70T0xmx1pzAx/FUfa5X+3cw==

"@types/ws@^8.5.4":
  version "8.5.4"
  resolved "https://registry.npmjs.org/@types/ws/-/ws-8.5.4.tgz"
  integrity sha512-zdQDHKUgcX/zBc4GrwsE/7dVdAD8JR4EuiAXiiUhhfyIJXXb2+PrGshFyeXWQPMmmZ2XxgaqclgpIC7eTXc1mg==
  dependencies:
    "@types/node" "*"

toml@^3.0.0:
  version "3.0.0"
  resolved "https://registry.npmjs.org/toml/-/toml-3.0.0.tgz"
  integrity sha512-y/mWCZinnvxjTKYhJ+pYxwD0mRLVvOtdS2Awbgxln6iEnt4rk0yBxeSBHkGJcPucRiG0e55mwWp+g/05rsrd6w==

typescript@^4.9.5:
  version "4.9.5"
  resolved "https://registry.npmjs.org/typescript/-/typescript-4.9.5.tgz"
  integrity sha512-1FXk9E2Hm+QzZQ7z+McJiHL4NW1F2EzMu9Nq9i3zAaGqibafqYwCVU6WyWAuyQRRzOlxou8xZSyXLEN8oKj24g==

ws@^8.13.0:
  version "8.13.0"
  resolved "https://registry.npmjs.org/ws/-/ws-8.13.0.tgz"
  integrity sha512-x9vcZYTrFPC7aSIbj7sRCYo7L/Xb8Iy+pW0ng0wt2vCJv7M9HOMy0UoN3rr+IFC7hb7vXoqS+P9ktyLLLhO+LA==
