# THIS IS AN AUTOGENERATED FILE. DO NOT EDIT THIS FILE DIRECTLY.
# yarn lockfile v1


"@impossiblerobotics/linkage@^0.0.1":
  version "0.0.1"
  resolved "https://registry.yarnpkg.com/@impossiblerobotics/linkage/-/linkage-0.0.1.tgz#b8bb2e0423799ad5d3b0311f6d718245e4c0ff89"
  integrity sha512-KPEIfPId53s+ea97q9z0meABSM/3A/tDWS1tNmdThUpTM4URdWNfNlt9edDYsQqbF0buEINVdjAwtmz9lmQMPA==

typescript@^4.9.5:
  version "4.9.5"
  resolved "https://registry.npmjs.org/typescript/-/typescript-4.9.5.tgz"
  integrity sha512-1FXk9E2Hm+QzZQ7z+McJiHL4NW1F2EzMu9Nq9i3zAaGqibafqYwCVU6WyWAuyQRRzOlxou8xZSyXLEN8oKj24g==
