# THIS IS AN AUTOGENERATED FILE. DO NOT EDIT THIS FILE DIRECTLY.
# yarn lockfile v1


"@impossiblerobotics/linkage@file:../../../lib/linkage-node":
  version "0.0.2"
  resolved "file:../../../lib/linkage-node"
  dependencies:
    toml "^3.0.0"
    ws "^8.13.0"

typescript@^4.9.5:
  version "4.9.5"
  resolved "https://registry.npmjs.org/typescript/-/typescript-4.9.5.tgz"
  integrity sha512-1FXk9E2Hm+QzZQ7z+McJiHL4NW1F2EzMu9Nq9i3zAaGqibafqYwCVU6WyWAuyQRRzOlxou8xZSyXLEN8oKj24g==
